// !$*UTF8*$!
{
	archiveVersion = 1;
	classes = {
	};
	objectVersion = 46;
	objects = {

/* Begin PBXBuildFile section */
		280109B61CD9F6610027545D /* News.plist in Resources */ = {isa = PBXBuildFile; fileRef = 280109B51CD9F6610027545D /* News.plist */; };
		280109CA1CDA0DAB0027545D /* MainViewController.m in Sources */ = {isa = PBXBuildFile; fileRef = 280109BB1CDA0DAB0027545D /* MainViewController.m */; };
		280109D01CDA0DAB0027545D /* OPViewController.m in Sources */ = {isa = PBXBuildFile; fileRef = 280109C71CDA0DAB0027545D /* OPViewController.m */; };
		280109D11CDA0DAB0027545D /* SignInViewController.m in Sources */ = {isa = PBXBuildFile; fileRef = 280109C91CDA0DAB0027545D /* SignInViewController.m */; };
		280109DE1CDABD990027545D /* MainNewsViewController.m in Sources */ = {isa = PBXBuildFile; fileRef = 280109D51CDABD990027545D /* MainNewsViewController.m */; };
		280109DF1CDABD990027545D /* NewsModelClass.m in Sources */ = {isa = PBXBuildFile; fileRef = 280109D81CDABD990027545D /* NewsModelClass.m */; };
		280109E11CDABD990027545D /* NewsTableViewCell.m in Sources */ = {isa = PBXBuildFile; fileRef = 280109DC1CDABD990027545D /* NewsTableViewCell.m */; };
		280109E21CDABD990027545D /* NewsTableViewCell.xib in Resources */ = {isa = PBXBuildFile; fileRef = 280109DD1CDABD990027545D /* NewsTableViewCell.xib */; };
		2850BD891CC714D8008A11BC /* main.m in Sources */ = {isa = PBXBuildFile; fileRef = 2850BD881CC714D8008A11BC /* main.m */; };
		2850BD8C1CC714D8008A11BC /* AppDelegate.m in Sources */ = {isa = PBXBuildFile; fileRef = 2850BD8B1CC714D8008A11BC /* AppDelegate.m */; };
		2850BD951CC714D8008A11BC /* CodingDemoMe.xcdatamodeld in Sources */ = {isa = PBXBuildFile; fileRef = 2850BD931CC714D8008A11BC /* CodingDemoMe.xcdatamodeld */; };
		2850BD971CC714D8008A11BC /* Assets.xcassets in Resources */ = {isa = PBXBuildFile; fileRef = 2850BD961CC714D8008A11BC /* Assets.xcassets */; };
		2850BD9A1CC714D8008A11BC /* LaunchScreen.storyboard in Resources */ = {isa = PBXBuildFile; fileRef = 2850BD981CC714D8008A11BC /* LaunchScreen.storyboard */; };
		2850BDA51CC714D8008A11BC /* CodingDemoMeTests.m in Sources */ = {isa = PBXBuildFile; fileRef = 2850BDA41CC714D8008A11BC /* CodingDemoMeTests.m */; };
		2850BDB01CC714D8008A11BC /* CodingDemoMeUITests.m in Sources */ = {isa = PBXBuildFile; fileRef = 2850BDAF1CC714D8008A11BC /* CodingDemoMeUITests.m */; };
		28CFEA9E1CCDAF1A002B4289 /* Main.storyboard in Resources */ = {isa = PBXBuildFile; fileRef = 28CFEA9C1CCDAF1A002B4289 /* Main.storyboard */; };
/* End PBXBuildFile section */

/* Begin PBXContainerItemProxy section */
		2850BDA11CC714D8008A11BC /* PBXContainerItemProxy */ = {
			isa = PBXContainerItemProxy;
			containerPortal = 2850BD7C1CC714D8008A11BC /* Project object */;
			proxyType = 1;
			remoteGlobalIDString = 2850BD831CC714D8008A11BC;
			remoteInfo = CodingDemoMe;
		};
		2850BDAC1CC714D8008A11BC /* PBXContainerItemProxy */ = {
			isa = PBXContainerItemProxy;
			containerPortal = 2850BD7C1CC714D8008A11BC /* Project object */;
			proxyType = 1;
			remoteGlobalIDString = 2850BD831CC714D8008A11BC;
			remoteInfo = CodingDemoMe;
		};
/* End PBXContainerItemProxy section */

/* Begin PBXFileReference section */
		280109B51CD9F6610027545D /* News.plist */ = {isa = PBXFileReference; fileEncoding = 4; lastKnownFileType = text.plist.xml; path = News.plist; sourceTree = "<group>"; };
		280109BA1CDA0DAB0027545D /* MainViewController.h */ = {isa = PBXFileReference; fileEncoding = 4; lastKnownFileType = sourcecode.c.h; path = MainViewController.h; sourceTree = "<group>"; };
		280109BB1CDA0DAB0027545D /* MainViewController.m */ = {isa = PBXFileReference; fileEncoding = 4; lastKnownFileType = sourcecode.c.objc; path = MainViewController.m; sourceTree = "<group>"; };
		280109C61CDA0DAB0027545D /* OPViewController.h */ = {isa = PBXFileReference; fileEncoding = 4; lastKnownFileType = sourcecode.c.h; path = OPViewController.h; sourceTree = "<group>"; };
		280109C71CDA0DAB0027545D /* OPViewController.m */ = {isa = PBXFileReference; fileEncoding = 4; lastKnownFileType = sourcecode.c.objc; path = OPViewController.m; sourceTree = "<group>"; };
		280109C81CDA0DAB0027545D /* SignInViewController.h */ = {isa = PBXFileReference; fileEncoding = 4; lastKnownFileType = sourcecode.c.h; path = SignInViewController.h; sourceTree = "<group>"; };
		280109C91CDA0DAB0027545D /* SignInViewController.m */ = {isa = PBXFileReference; fileEncoding = 4; lastKnownFileType = sourcecode.c.objc; path = SignInViewController.m; sourceTree = "<group>"; };
		280109D41CDABD990027545D /* MainNewsViewController.h */ = {isa = PBXFileReference; fileEncoding = 4; lastKnownFileType = sourcecode.c.h; path = MainNewsViewController.h; sourceTree = "<group>"; };
		280109D51CDABD990027545D /* MainNewsViewController.m */ = {isa = PBXFileReference; fileEncoding = 4; lastKnownFileType = sourcecode.c.objc; path = MainNewsViewController.m; sourceTree = "<group>"; };
		280109D71CDABD990027545D /* NewsModelClass.h */ = {isa = PBXFileReference; fileEncoding = 4; lastKnownFileType = sourcecode.c.h; path = NewsModelClass.h; sourceTree = "<group>"; };
		280109D81CDABD990027545D /* NewsModelClass.m */ = {isa = PBXFileReference; fileEncoding = 4; lastKnownFileType = sourcecode.c.objc; path = NewsModelClass.m; sourceTree = "<group>"; };
		280109DB1CDABD990027545D /* NewsTableViewCell.h */ = {isa = PBXFileReference; fileEncoding = 4; lastKnownFileType = sourcecode.c.h; path = NewsTableViewCell.h; sourceTree = "<group>"; };
		280109DC1CDABD990027545D /* NewsTableViewCell.m */ = {isa = PBXFileReference; fileEncoding = 4; lastKnownFileType = sourcecode.c.objc; path = NewsTableViewCell.m; sourceTree = "<group>"; };
		280109DD1CDABD990027545D /* NewsTableViewCell.xib */ = {isa = PBXFileReference; fileEncoding = 4; lastKnownFileType = file.xib; path = NewsTableViewCell.xib; sourceTree = "<group>"; };
		2850BD841CC714D8008A11BC /* CodingDemoMe.app */ = {isa = PBXFileReference; explicitFileType = wrapper.application; includeInIndex = 0; path = CodingDemoMe.app; sourceTree = BUILT_PRODUCTS_DIR; };
		2850BD881CC714D8008A11BC /* main.m */ = {isa = PBXFileReference; lastKnownFileType = sourcecode.c.objc; path = main.m; sourceTree = "<group>"; };
		2850BD8A1CC714D8008A11BC /* AppDelegate.h */ = {isa = PBXFileReference; lastKnownFileType = sourcecode.c.h; path = AppDelegate.h; sourceTree = "<group>"; };
		2850BD8B1CC714D8008A11BC /* AppDelegate.m */ = {isa = PBXFileReference; lastKnownFileType = sourcecode.c.objc; path = AppDelegate.m; sourceTree = "<group>"; };
		2850BD941CC714D8008A11BC /* CodingDemoMe.xcdatamodel */ = {isa = PBXFileReference; lastKnownFileType = wrapper.xcdatamodel; path = CodingDemoMe.xcdatamodel; sourceTree = "<group>"; };
		2850BD961CC714D8008A11BC /* Assets.xcassets */ = {isa = PBXFileReference; lastKnownFileType = folder.assetcatalog; path = Assets.xcassets; sourceTree = "<group>"; };
		2850BD991CC714D8008A11BC /* Base */ = {isa = PBXFileReference; lastKnownFileType = file.storyboard; name = Base; path = Base.lproj/LaunchScreen.storyboard; sourceTree = "<group>"; };
		2850BD9B1CC714D8008A11BC /* Info.plist */ = {isa = PBXFileReference; lastKnownFileType = text.plist.xml; path = Info.plist; sourceTree = "<group>"; };
		2850BDA01CC714D8008A11BC /* CodingDemoMeTests.xctest */ = {isa = PBXFileReference; explicitFileType = wrapper.cfbundle; includeInIndex = 0; path = CodingDemoMeTests.xctest; sourceTree = BUILT_PRODUCTS_DIR; };
		2850BDA41CC714D8008A11BC /* CodingDemoMeTests.m */ = {isa = PBXFileReference; lastKnownFileType = sourcecode.c.objc; path = CodingDemoMeTests.m; sourceTree = "<group>"; };
		2850BDA61CC714D8008A11BC /* Info.plist */ = {isa = PBXFileReference; lastKnownFileType = text.plist.xml; path = Info.plist; sourceTree = "<group>"; };
		2850BDAB1CC714D8008A11BC /* CodingDemoMeUITests.xctest */ = {isa = PBXFileReference; explicitFileType = wrapper.cfbundle; includeInIndex = 0; path = CodingDemoMeUITests.xctest; sourceTree = BUILT_PRODUCTS_DIR; };
		2850BDAF1CC714D8008A11BC /* CodingDemoMeUITests.m */ = {isa = PBXFileReference; lastKnownFileType = sourcecode.c.objc; path = CodingDemoMeUITests.m; sourceTree = "<group>"; };
		2850BDB11CC714D8008A11BC /* Info.plist */ = {isa = PBXFileReference; lastKnownFileType = text.plist.xml; path = Info.plist; sourceTree = "<group>"; };
		28CFEA9D1CCDAF1A002B4289 /* Base */ = {isa = PBXFileReference; lastKnownFileType = file.storyboard; name = Base; path = CodingDemoMe/Base.lproj/Main.storyboard; sourceTree = "<group>"; };
/* End PBXFileReference section */

/* Begin PBXFrameworksBuildPhase section */
		2850BD811CC714D8008A11BC /* Frameworks */ = {
			isa = PBXFrameworksBuildPhase;
			buildActionMask = 2147483647;
			files = (
			);
			runOnlyForDeploymentPostprocessing = 0;
		};
		2850BD9D1CC714D8008A11BC /* Frameworks */ = {
			isa = PBXFrameworksBuildPhase;
			buildActionMask = 2147483647;
			files = (
			);
			runOnlyForDeploymentPostprocessing = 0;
		};
		2850BDA81CC714D8008A11BC /* Frameworks */ = {
			isa = PBXFrameworksBuildPhase;
			buildActionMask = 2147483647;
			files = (
			);
			runOnlyForDeploymentPostprocessing = 0;
		};
/* End PBXFrameworksBuildPhase section */

/* Begin PBXGroup section */
		280109B81CDA0DAB0027545D /* Class */ = {
			isa = PBXGroup;
			children = (
				280109B91CDA0DAB0027545D /* MainView */,
				280109C51CDA0DAB0027545D /* OPViewTabBarViewClass */,
				280109D21CDABD990027545D /* MainViewTabBarViewClass */,
				280109C81CDA0DAB0027545D /* SignInViewController.h */,
				280109C91CDA0DAB0027545D /* SignInViewController.m */,
			);
			name = Class;
			path = CodingDemoMe/Class;
			sourceTree = "<group>";
		};
		280109B91CDA0DAB0027545D /* MainView */ = {
			isa = PBXGroup;
			children = (
				280109BA1CDA0DAB0027545D /* MainViewController.h */,
				280109BB1CDA0DAB0027545D /* MainViewController.m */,
			);
			path = MainView;
			sourceTree = "<group>";
		};
		280109C51CDA0DAB0027545D /* OPViewTabBarViewClass */ = {
			isa = PBXGroup;
			children = (
				280109C61CDA0DAB0027545D /* OPViewController.h */,
				280109C71CDA0DAB0027545D /* OPViewController.m */,
			);
			path = OPViewTabBarViewClass;
			sourceTree = "<group>";
		};
		280109D21CDABD990027545D /* MainViewTabBarViewClass */ = {
			isa = PBXGroup;
			children = (
				280109D31CDABD990027545D /* Controller */,
				280109D91CDABD990027545D /* View */,
				280109D61CDABD990027545D /* Model */,
			);
			path = MainViewTabBarViewClass;
			sourceTree = "<group>";
		};
		280109D31CDABD990027545D /* Controller */ = {
			isa = PBXGroup;
			children = (
				280109D41CDABD990027545D /* MainNewsViewController.h */,
				280109D51CDABD990027545D /* MainNewsViewController.m */,
			);
			path = Controller;
			sourceTree = "<group>";
		};
		280109D61CDABD990027545D /* Model */ = {
			isa = PBXGroup;
			children = (
				280109D71CDABD990027545D /* NewsModelClass.h */,
				280109D81CDABD990027545D /* NewsModelClass.m */,
			);
			path = Model;
			sourceTree = "<group>";
		};
		280109D91CDABD990027545D /* View */ = {
			isa = PBXGroup;
			children = (
				280109DB1CDABD990027545D /* NewsTableViewCell.h */,
				280109DC1CDABD990027545D /* NewsTableViewCell.m */,
				280109DD1CDABD990027545D /* NewsTableViewCell.xib */,
			);
			path = View;
			sourceTree = "<group>";
		};
		2850BD7B1CC714D8008A11BC = {
			isa = PBXGroup;
			children = (
				280109B81CDA0DAB0027545D /* Class */,
				2850BD861CC714D8008A11BC /* CodingDemoMe */,
				2850BDA31CC714D8008A11BC /* CodingDemoMeTests */,
				2850BDAE1CC714D8008A11BC /* CodingDemoMeUITests */,
				2850BD851CC714D8008A11BC /* Products */,
			);
			sourceTree = "<group>";
		};
		2850BD851CC714D8008A11BC /* Products */ = {
			isa = PBXGroup;
			children = (
				2850BD841CC714D8008A11BC /* CodingDemoMe.app */,
				2850BDA01CC714D8008A11BC /* CodingDemoMeTests.xctest */,
				2850BDAB1CC714D8008A11BC /* CodingDemoMeUITests.xctest */,
			);
			name = Products;
			sourceTree = "<group>";
		};
		2850BD861CC714D8008A11BC /* CodingDemoMe */ = {
			isa = PBXGroup;
			children = (
				2850BD871CC714D8008A11BC /* Supporting Files */,
			);
			path = CodingDemoMe;
			sourceTree = "<group>";
		};
		2850BD871CC714D8008A11BC /* Supporting Files */ = {
			isa = PBXGroup;
			children = (
				2850BD961CC714D8008A11BC /* Assets.xcassets */,
				280109B51CD9F6610027545D /* News.plist */,
				2850BD8A1CC714D8008A11BC /* AppDelegate.h */,
				2850BD8B1CC714D8008A11BC /* AppDelegate.m */,
				2850BD981CC714D8008A11BC /* LaunchScreen.storyboard */,
				2850BD9B1CC714D8008A11BC /* Info.plist */,
				2850BD931CC714D8008A11BC /* CodingDemoMe.xcdatamodeld */,
				2850BD881CC714D8008A11BC /* main.m */,
				28CFEA9C1CCDAF1A002B4289 /* Main.storyboard */,
			);
			name = "Supporting Files";
			sourceTree = "<group>";
		};
		2850BDA31CC714D8008A11BC /* CodingDemoMeTests */ = {
			isa = PBXGroup;
			children = (
				2850BDA41CC714D8008A11BC /* CodingDemoMeTests.m */,
				2850BDA61CC714D8008A11BC /* Info.plist */,
			);
			path = CodingDemoMeTests;
			sourceTree = "<group>";
		};
		2850BDAE1CC714D8008A11BC /* CodingDemoMeUITests */ = {
			isa = PBXGroup;
			children = (
				2850BDAF1CC714D8008A11BC /* CodingDemoMeUITests.m */,
				2850BDB11CC714D8008A11BC /* Info.plist */,
			);
			path = CodingDemoMeUITests;
			sourceTree = "<group>";
		};
/* End PBXGroup section */

/* Begin PBXNativeTarget section */
		2850BD831CC714D8008A11BC /* CodingDemoMe */ = {
			isa = PBXNativeTarget;
			buildConfigurationList = 2850BDB41CC714D8008A11BC /* Build configuration list for PBXNativeTarget "CodingDemoMe" */;
			buildPhases = (
				2850BD801CC714D8008A11BC /* Sources */,
				2850BD811CC714D8008A11BC /* Frameworks */,
				2850BD821CC714D8008A11BC /* Resources */,
			);
			buildRules = (
			);
			dependencies = (
			);
			name = CodingDemoMe;
			productName = CodingDemoMe;
			productReference = 2850BD841CC714D8008A11BC /* CodingDemoMe.app */;
			productType = "com.apple.product-type.application";
		};
		2850BD9F1CC714D8008A11BC /* CodingDemoMeTests */ = {
			isa = PBXNativeTarget;
			buildConfigurationList = 2850BDB71CC714D8008A11BC /* Build configuration list for PBXNativeTarget "CodingDemoMeTests" */;
			buildPhases = (
				2850BD9C1CC714D8008A11BC /* Sources */,
				2850BD9D1CC714D8008A11BC /* Frameworks */,
				2850BD9E1CC714D8008A11BC /* Resources */,
			);
			buildRules = (
			);
			dependencies = (
				2850BDA21CC714D8008A11BC /* PBXTargetDependency */,
			);
			name = CodingDemoMeTests;
			productName = CodingDemoMeTests;
			productReference = 2850BDA01CC714D8008A11BC /* CodingDemoMeTests.xctest */;
			productType = "com.apple.product-type.bundle.unit-test";
		};
		2850BDAA1CC714D8008A11BC /* CodingDemoMeUITests */ = {
			isa = PBXNativeTarget;
			buildConfigurationList = 2850BDBA1CC714D8008A11BC /* Build configuration list for PBXNativeTarget "CodingDemoMeUITests" */;
			buildPhases = (
				2850BDA71CC714D8008A11BC /* Sources */,
				2850BDA81CC714D8008A11BC /* Frameworks */,
				2850BDA91CC714D8008A11BC /* Resources */,
			);
			buildRules = (
			);
			dependencies = (
				2850BDAD1CC714D8008A11BC /* PBXTargetDependency */,
			);
			name = CodingDemoMeUITests;
			productName = CodingDemoMeUITests;
			productReference = 2850BDAB1CC714D8008A11BC /* CodingDemoMeUITests.xctest */;
			productType = "com.apple.product-type.bundle.ui-testing";
		};
/* End PBXNativeTarget section */

/* Begin PBXProject section */
		2850BD7C1CC714D8008A11BC /* Project object */ = {
			isa = PBXProject;
			attributes = {
				KnownAssetTags = (
					2,
				);
				LastUpgradeCheck = 0730;
				ORGANIZATIONNAME = wolf;
				TargetAttributes = {
					2850BD831CC714D8008A11BC = {
						CreatedOnToolsVersion = 7.3;
						DevelopmentTeam = A6H63457TG;
					};
					2850BD9F1CC714D8008A11BC = {
						CreatedOnToolsVersion = 7.3;
						DevelopmentTeam = A6H63457TG;
						TestTargetID = 2850BD831CC714D8008A11BC;
					};
					2850BDAA1CC714D8008A11BC = {
						CreatedOnToolsVersion = 7.3;
						DevelopmentTeam = A6H63457TG;
						TestTargetID = 2850BD831CC714D8008A11BC;
					};
				};
			};
			buildConfigurationList = 2850BD7F1CC714D8008A11BC /* Build configuration list for PBXProject "CodingDemoMe" */;
			compatibilityVersion = "Xcode 3.2";
			developmentRegion = English;
			hasScannedForEncodings = 0;
			knownRegions = (
				en,
				Base,
			);
			mainGroup = 2850BD7B1CC714D8008A11BC;
			productRefGroup = 2850BD851CC714D8008A11BC /* Products */;
			projectDirPath = "";
			projectRoot = "";
			targets = (
				2850BD831CC714D8008A11BC /* CodingDemoMe */,
				2850BD9F1CC714D8008A11BC /* CodingDemoMeTests */,
				2850BDAA1CC714D8008A11BC /* CodingDemoMeUITests */,
			);
		};
/* End PBXProject section */

/* Begin PBXResourcesBuildPhase section */
		2850BD821CC714D8008A11BC /* Resources */ = {
			isa = PBXResourcesBuildPhase;
			buildActionMask = 2147483647;
			files = (
				28CFEA9E1CCDAF1A002B4289 /* Main.storyboard in Resources */,
				2850BD9A1CC714D8008A11BC /* LaunchScreen.storyboard in Resources */,
				280109E21CDABD990027545D /* NewsTableViewCell.xib in Resources */,
				280109B61CD9F6610027545D /* News.plist in Resources */,
				2850BD971CC714D8008A11BC /* Assets.xcassets in Resources */,
			);
			runOnlyForDeploymentPostprocessing = 0;
		};
		2850BD9E1CC714D8008A11BC /* Resources */ = {
			isa = PBXResourcesBuildPhase;
			buildActionMask = 2147483647;
			files = (
			);
			runOnlyForDeploymentPostprocessing = 0;
		};
		2850BDA91CC714D8008A11BC /* Resources */ = {
			isa = PBXResourcesBuildPhase;
			buildActionMask = 2147483647;
			files = (
			);
			runOnlyForDeploymentPostprocessing = 0;
		};
/* End PBXResourcesBuildPhase section */

/* Begin PBXSourcesBuildPhase section */
		2850BD801CC714D8008A11BC /* Sources */ = {
			isa = PBXSourcesBuildPhase;
			buildActionMask = 2147483647;
			files = (
				2850BD951CC714D8008A11BC /* CodingDemoMe.xcdatamodeld in Sources */,
				280109DE1CDABD990027545D /* MainNewsViewController.m in Sources */,
				280109E11CDABD990027545D /* NewsTableViewCell.m in Sources */,
				2850BD8C1CC714D8008A11BC /* AppDelegate.m in Sources */,
				280109D01CDA0DAB0027545D /* OPViewController.m in Sources */,
				2850BD891CC714D8008A11BC /* main.m in Sources */,
				280109CA1CDA0DAB0027545D /* MainViewController.m in Sources */,
				280109D11CDA0DAB0027545D /* SignInViewController.m in Sources */,
				280109DF1CDABD990027545D /* NewsModelClass.m in Sources */,
			);
			runOnlyForDeploymentPostprocessing = 0;
		};
		2850BD9C1CC714D8008A11BC /* Sources */ = {
			isa = PBXSourcesBuildPhase;
			buildActionMask = 2147483647;
			files = (
				2850BDA51CC714D8008A11BC /* CodingDemoMeTests.m in Sources */,
			);
			runOnlyForDeploymentPostprocessing = 0;
		};
		2850BDA71CC714D8008A11BC /* Sources */ = {
			isa = PBXSourcesBuildPhase;
			buildActionMask = 2147483647;
			files = (
				2850BDB01CC714D8008A11BC /* CodingDemoMeUITests.m in Sources */,
			);
			runOnlyForDeploymentPostprocessing = 0;
		};
/* End PBXSourcesBuildPhase section */

/* Begin PBXTargetDependency section */
		2850BDA21CC714D8008A11BC /* PBXTargetDependency */ = {
			isa = PBXTargetDependency;
			target = 2850BD831CC714D8008A11BC /* CodingDemoMe */;
			targetProxy = 2850BDA11CC714D8008A11BC /* PBXContainerItemProxy */;
		};
		2850BDAD1CC714D8008A11BC /* PBXTargetDependency */ = {
			isa = PBXTargetDependency;
			target = 2850BD831CC714D8008A11BC /* CodingDemoMe */;
			targetProxy = 2850BDAC1CC714D8008A11BC /* PBXContainerItemProxy */;
		};
/* End PBXTargetDependency section */

/* Begin PBXVariantGroup section */
		2850BD981CC714D8008A11BC /* LaunchScreen.storyboard */ = {
			isa = PBXVariantGroup;
			children = (
				2850BD991CC714D8008A11BC /* Base */,
			);
			name = LaunchScreen.storyboard;
			sourceTree = "<group>";
		};
		28CFEA9C1CCDAF1A002B4289 /* Main.storyboard */ = {
			isa = PBXVariantGroup;
			children = (
				28CFEA9D1CCDAF1A002B4289 /* Base */,
			);
			name = Main.storyboard;
			path = ..;
			sourceTree = "<group>";
		};
/* End PBXVariantGroup section */

/* Begin XCBuildConfiguration section */
		2850BDB21CC714D8008A11BC /* Debug */ = {
			isa = XCBuildConfiguration;
			buildSettings = {
				ALWAYS_SEARCH_USER_PATHS = NO;
				CLANG_ANALYZER_NONNULL = YES;
				CLANG_CXX_LANGUAGE_STANDARD = "gnu++0x";
				CLANG_CXX_LIBRARY = "libc++";
				CLANG_ENABLE_MODULES = YES;
				CLANG_ENABLE_OBJC_ARC = YES;
				CLANG_WARN_BOOL_CONVERSION = YES;
				CLANG_WARN_CONSTANT_CONVERSION = YES;
				CLANG_WARN_DIRECT_OBJC_ISA_USAGE = YES_ERROR;
				CLANG_WARN_EMPTY_BODY = YES;
				CLANG_WARN_ENUM_CONVERSION = YES;
				CLANG_WARN_INT_CONVERSION = YES;
				CLANG_WARN_OBJC_ROOT_CLASS = YES_ERROR;
				CLANG_WARN_UNREACHABLE_CODE = YES;
				CLANG_WARN__DUPLICATE_METHOD_MATCH = YES;
				"CODE_SIGN_IDENTITY[sdk=iphoneos*]" = "iPhone Developer";
				COPY_PHASE_STRIP = NO;
				DEBUG_INFORMATION_FORMAT = dwarf;
				ENABLE_STRICT_OBJC_MSGSEND = YES;
				ENABLE_TESTABILITY = YES;
				GCC_C_LANGUAGE_STANDARD = gnu99;
				GCC_DYNAMIC_NO_PIC = NO;
				GCC_NO_COMMON_BLOCKS = YES;
				GCC_OPTIMIZATION_LEVEL = 0;
				GCC_PREPROCESSOR_DEFINITIONS = (
					"DEBUG=1",
					"$(inherited)",
				);
				GCC_WARN_64_TO_32_BIT_CONVERSION = YES;
				GCC_WARN_ABOUT_RETURN_TYPE = YES_ERROR;
				GCC_WARN_UNDECLARED_SELECTOR = YES;
				GCC_WARN_UNINITIALIZED_AUTOS = YES_AGGRESSIVE;
				GCC_WARN_UNUSED_FUNCTION = YES;
				GCC_WARN_UNUSED_VARIABLE = YES;
				IPHONEOS_DEPLOYMENT_TARGET = 9.3;
				MTL_ENABLE_DEBUG_INFO = YES;
				ONLY_ACTIVE_ARCH = YES;
				SDKROOT = iphoneos;
			};
			name = Debug;
		};
		2850BDB31CC714D8008A11BC /* Release */ = {
			isa = XCBuildConfiguration;
			buildSettings = {
				ALWAYS_SEARCH_USER_PATHS = NO;
				CLANG_ANALYZER_NONNULL = YES;
				CLANG_CXX_LANGUAGE_STANDARD = "gnu++0x";
				CLANG_CXX_LIBRARY = "libc++";
				CLANG_ENABLE_MODULES = YES;
				CLANG_ENABLE_OBJC_ARC = YES;
				CLANG_WARN_BOOL_CONVERSION = YES;
				CLANG_WARN_CONSTANT_CONVERSION = YES;
				CLANG_WARN_DIRECT_OBJC_ISA_USAGE = YES_ERROR;
				CLANG_WARN_EMPTY_BODY = YES;
				CLANG_WARN_ENUM_CONVERSION = YES;
				CLANG_WARN_INT_CONVERSION = YES;
				CLANG_WARN_OBJC_ROOT_CLASS = YES_ERROR;
				CLANG_WARN_UNREACHABLE_CODE = YES;
				CLANG_WARN__DUPLICATE_METHOD_MATCH = YES;
				"CODE_SIGN_IDENTITY[sdk=iphoneos*]" = "iPhone Developer";
				COPY_PHASE_STRIP = NO;
				DEBUG_INFORMATION_FORMAT = "dwarf-with-dsym";
				ENABLE_NS_ASSERTIONS = NO;
				ENABLE_STRICT_OBJC_MSGSEND = YES;
				GCC_C_LANGUAGE_STANDARD = gnu99;
				GCC_NO_COMMON_BLOCKS = YES;
				GCC_WARN_64_TO_32_BIT_CONVERSION = YES;
				GCC_WARN_ABOUT_RETURN_TYPE = YES_ERROR;
				GCC_WARN_UNDECLARED_SELECTOR = YES;
				GCC_WARN_UNINITIALIZED_AUTOS = YES_AGGRESSIVE;
				GCC_WARN_UNUSED_FUNCTION = YES;
				GCC_WARN_UNUSED_VARIABLE = YES;
				IPHONEOS_DEPLOYMENT_TARGET = 9.3;
				MTL_ENABLE_DEBUG_INFO = NO;
				SDKROOT = iphoneos;
				VALIDATE_PRODUCT = YES;
			};
			name = Release;
		};
		2850BDB51CC714D8008A11BC /* Debug */ = {
			isa = XCBuildConfiguration;
			buildSettings = {
				ASSETCATALOG_COMPILER_APPICON_NAME = AppIcon;
				ASSETCATALOG_COMPILER_LAUNCHIMAGE_NAME = "Brand Assets";
				INFOPLIST_FILE = CodingDemoMe/Info.plist;
				LD_RUNPATH_SEARCH_PATHS = "$(inherited) @executable_path/Frameworks";
				PRODUCT_BUNDLE_IDENTIFIER = com.pig.CodingDemoMe;
				PRODUCT_NAME = "$(TARGET_NAME)";
			};
			name = Debug;
		};
		2850BDB61CC714D8008A11BC /* Release */ = {
			isa = XCBuildConfiguration;
			buildSettings = {
				ASSETCATALOG_COMPILER_APPICON_NAME = AppIcon;
				ASSETCATALOG_COMPILER_LAUNCHIMAGE_NAME = "Brand Assets";
				INFOPLIST_FILE = CodingDemoMe/Info.plist;
				LD_RUNPATH_SEARCH_PATHS = "$(inherited) @executable_path/Frameworks";
				PRODUCT_BUNDLE_IDENTIFIER = com.pig.CodingDemoMe;
				PRODUCT_NAME = "$(TARGET_NAME)";
			};
			name = Release;
		};
		2850BDB81CC714D8008A11BC /* Debug */ = {
			isa = XCBuildConfiguration;
			buildSettings = {
				BUNDLE_LOADER = "$(TEST_HOST)";
				INFOPLIST_FILE = CodingDemoMeTests/Info.plist;
				LD_RUNPATH_SEARCH_PATHS = "$(inherited) @executable_path/Frameworks @loader_path/Frameworks";
				PRODUCT_BUNDLE_IDENTIFIER = com.pig.CodingDemoMeTests;
				PRODUCT_NAME = "$(TARGET_NAME)";
				TEST_HOST = "$(BUILT_PRODUCTS_DIR)/CodingDemoMe.app/CodingDemoMe";
			};
			name = Debug;
		};
		2850BDB91CC714D8008A11BC /* Release */ = {
			isa = XCBuildConfiguration;
			buildSettings = {
				BUNDLE_LOADER = "$(TEST_HOST)";
				INFOPLIST_FILE = CodingDemoMeTests/Info.plist;
				LD_RUNPATH_SEARCH_PATHS = "$(inherited) @executable_path/Frameworks @loader_path/Frameworks";
				PRODUCT_BUNDLE_IDENTIFIER = com.pig.CodingDemoMeTests;
				PRODUCT_NAME = "$(TARGET_NAME)";
				TEST_HOST = "$(BUILT_PRODUCTS_DIR)/CodingDemoMe.app/CodingDemoMe";
			};
			name = Release;
		};
		2850BDBB1CC714D8008A11BC /* Debug */ = {
			isa = XCBuildConfiguration;
			buildSettings = {
				INFOPLIST_FILE = CodingDemoMeUITests/Info.plist;
				LD_RUNPATH_SEARCH_PATHS = "$(inherited) @executable_path/Frameworks @loader_path/Frameworks";
				PRODUCT_BUNDLE_IDENTIFIER = com.pig.CodingDemoMeUITests;
				PRODUCT_NAME = "$(TARGET_NAME)";
				TEST_TARGET_NAME = CodingDemoMe;
			};
			name = Debug;
		};
		2850BDBC1CC714D8008A11BC /* Release */ = {
			isa = XCBuildConfiguration;
			buildSettings = {
				INFOPLIST_FILE = CodingDemoMeUITests/Info.plist;
				LD_RUNPATH_SEARCH_PATHS = "$(inherited) @executable_path/Frameworks @loader_path/Frameworks";
				PRODUCT_BUNDLE_IDENTIFIER = com.pig.CodingDemoMeUITests;
				PRODUCT_NAME = "$(TARGET_NAME)";
				TEST_TARGET_NAME = CodingDemoMe;
			};
			name = Release;
		};
/* End XCBuildConfiguration section */

/* Begin XCConfigurationList section */
		2850BD7F1CC714D8008A11BC /* Build configuration list for PBXProject "CodingDemoMe" */ = {
			isa = XCConfigurationList;
			buildConfigurations = (
				2850BDB21CC714D8008A11BC /* Debug */,
				2850BDB31CC714D8008A11BC /* Release */,
			);
			defaultConfigurationIsVisible = 0;
			defaultConfigurationName = Release;
		};
		2850BDB41CC714D8008A11BC /* Build configuration list for PBXNativeTarget "CodingDemoMe" */ = {
			isa = XCConfigurationList;
			buildConfigurations = (
				2850BDB51CC714D8008A11BC /* Debug */,
				2850BDB61CC714D8008A11BC /* Release */,
			);
			defaultConfigurationIsVisible = 0;
			defaultConfigurationName = Release;
		};
		2850BDB71CC714D8008A11BC /* Build configuration list for PBXNativeTarget "CodingDemoMeTests" */ = {
			isa = XCConfigurationList;
			buildConfigurations = (
				2850BDB81CC714D8008A11BC /* Debug */,
				2850BDB91CC714D8008A11BC /* Release */,
			);
			defaultConfigurationIsVisible = 0;
			defaultConfigurationName = Release;
		};
		2850BDBA1CC714D8008A11BC /* Build configuration list for PBXNativeTarget "CodingDemoMeUITests" */ = {
			isa = XCConfigurationList;
			buildConfigurations = (
				2850BDBB1CC714D8008A11BC /* Debug */,
				2850BDBC1CC714D8008A11BC /* Release */,
			);
			defaultConfigurationIsVisible = 0;
			defaultConfigurationName = Release;
		};
/* End XCConfigurationList section */

/* Begin XCVersionGroup section */
		2850BD931CC714D8008A11BC /* CodingDemoMe.xcdatamodeld */ = {
			isa = XCVersionGroup;
			children = (
				2850BD941CC714D8008A11BC /* CodingDemoMe.xcdatamodel */,
			);
			currentVersion = 2850BD941CC714D8008A11BC /* CodingDemoMe.xcdatamodel */;
			path = CodingDemoMe.xcdatamodeld;
			sourceTree = "<group>";
			versionGroupType = wrapper.xcdatamodel;
		};
/* End XCVersionGroup section */
	};
	rootObject = 2850BD7C1CC714D8008A11BC /* Project object */;
}
